PODS:
  - Alamofire (4.6.0)
  - AwaitKit (3.0.1):
    - PromiseKit (~> 4.2)
  - PromiseKit (4.5.2):
    - PromiseKit/Foundation (= 4.5.2)
    - PromiseKit/QuartzCore (= 4.5.2)
    - PromiseKit/UIKit (= 4.5.2)
  - PromiseKit/CorePromise (4.5.2)
  - PromiseKit/Foundation (4.5.2):
    - PromiseKit/CorePromise
  - PromiseKit/QuartzCore (4.5.2):
    - PromiseKit/CorePromise
  - PromiseKit/UIKit (4.5.2):
    - PromiseKit/CorePromise
  - QRCodeReader.swift (8.1.0)
  - R.swift (4.0.0):
    - R.swift.Library (~> 4.0.0)
  - R.swift.Library (4.0.0)
  - SVProgressHUD (2.2.2)
  - SwiftLint (0.24.2)
  - Swinject (2.1.1)

DEPENDENCIES:
  - Alamofire
  - AwaitKit (~> 3.0.1)
  - QRCodeReader.swift
  - R.swift
  - SVProgressHUD (~> 2.2.2)
  - SwiftLint
  - Swinject

SPEC CHECKSUMS:
  Alamofire: f41a599bd63041760b26d393ec1069d9d7b917f4
  AwaitKit: daf1af84544413a8dfadb4fc25d8b0f9706e5c83
  PromiseKit: 743e497a5f505a470d3bbbf4ce0663c1268af0a4
  QRCodeReader.swift: 353c605aaaa6472541236edd6503e6f3ef9c3f6b
  R.swift: d6a5ec2f55a8441dc0ed9f1f8b37d7d11ae85c66
  R.swift.Library: c3af34921024333546e23b70e70d0b4e0cffca75
  SVProgressHUD: 59b2d3dabacbd051576d21d32293ca7228dc18b0
  SwiftLint: 2aa21b96c8d13396a051bc1cb659d2ce1e0075b0
  Swinject: afea49fd95f392b41171669f165842879c48fad6

PODFILE CHECKSUM: b49bf6bb39a5030e7d95936a668fb56624a48936

COCOAPODS: 1.4.0
