PODS:
  - Alamofire (4.5.1)
  - QRCodeReader.swift (8.0.3)
  - R.swift (4.0.0):
    - R.swift.Library (~> 4.0.0)
  - R.swift.Library (4.0.0)
  - SwiftLint (0.23.1)
  - Swinject (2.1.1)

DEPENDENCIES:
  - Alamofire
  - QRCodeReader.swift
  - R.swift
  - SwiftLint
  - Swinject

SPEC CHECKSUMS:
  Alamofire: 2d95912bf4c34f164fdfc335872e8c312acaea4a
  QRCodeReader.swift: 7c98a05c2544a7c8737853845428b4460273d50d
  R.swift: d6a5ec2f55a8441dc0ed9f1f8b37d7d11ae85c66
  R.swift.Library: c3af34921024333546e23b70e70d0b4e0cffca75
  SwiftLint: 1b670ce79284c76520f84060e87d645078fd32fa
  Swinject: afea49fd95f392b41171669f165842879c48fad6

PODFILE CHECKSUM: 02cb5318b1da0fb78def7a614c5eb6fcdd7d304e

COCOAPODS: 1.3.1
